
Microsoft Visual Studio Solution File, Format Version 12.00
# Visual Studio Version 16
VisualStudioVersion = 16.0.33214.272
MinimumVisualStudioVersion = 10.0.40219.1
Project("{FAE04EC0-301F-11D3-BF4B-00C04F79EFBC}") = "SweetShopOnline", "..\SweetShopOnline\SweetShopOnline.csproj", "{6982CF71-ACBA-44B7-9735-EDD08496925B}"
EndProject
Global
	GlobalSection(SolutionConfigurationPlatforms) = preSolution
		Debug|Any CPU = Debug|Any CPU
		Release|Any CPU = Release|Any CPU
	EndGlobalSection
	GlobalSection(ProjectConfigurationPlatforms) = postSolution
		{6982CF71-ACBA-44B7-9735-EDD08496925B}.Debug|Any CPU.ActiveCfg = Debug|Any CPU
		{6982CF71-ACBA-44B7-9735-EDD08496925B}.Debug|Any CPU.Build.0 = Debug|Any CPU
		{6982CF71-ACBA-44B7-9735-EDD08496925B}.Release|Any CPU.ActiveCfg = Release|Any CPU
		{6982CF71-ACBA-44B7-9735-EDD08496925B}.Release|Any CPU.Build.0 = Release|Any CPU
	EndGlobalSection
	GlobalSection(SolutionProperties) = preSolution
		HideSolutionNode = FALSE
	EndGlobalSection
	GlobalSection(ExtensibilityGlobals) = postSolution
		SolutionGuid = {CFE7B8F3-07A7-4B3D-B971-93EB0D11CA7D}
	EndGlobalSection
EndGlobal
